<?xml version="1.0" encoding="utf-8"?>
<Project ToolsVersion="4.0" xmlns="http://schemas.microsoft.com/developer/msbuild/2003">
  <ItemGroup>
    <ClCompile Include="Bullet.cpp" />
    <ClCompile Include="DefaultGameComponent.cpp" />
    <ClCompile Include="ChangeSceneArea.cpp" />
    <ClCompile Include="EquipGun.cpp" />
    <ClCompile Include="Gun.cpp" />
    <ClCompile Include="InputManager.cpp" />
    <ClCompile Include="LesserEnemy.cpp" />
    <ClCompile Include="main.cpp" />
    <ClCompile Include="Player.cpp" />
    <ClCompile Include="SeparateDrawObject.cpp" />
    <ClCompile Include="stdafx.cpp" />
    <ClCompile Include="TestBehavior.cpp" />
    <ClCompile Include="WorldSpeedManager.cpp" />
    <ClCompile Include="BaseItem.cpp" />
    <ClCompile Include="GunAction_AssaultRifle.cpp" />
    <ClCompile Include="GunAction_GrenadeLauncher.cpp" />
    <ClCompile Include="LargeGunItem.cpp" />
    <ClCompile Include="BaseEnemy.cpp" />
    <ClCompile Include="Bullet_GrenadeLauncher.cpp" />
    <ClCompile Include="Explosion.cpp" />
    <ClCompile Include="DamageArea.cpp" />
    <ClCompile Include="ItemEmitParameter.cpp" />
    <ClCompile Include="GunAction_Shotgun.cpp" />
    <ClCompile Include="EnemySpawner.cpp" />
    <ClCompile Include="ShotGunItem.cpp" />
    <ClCompile Include="GrenadeLauncherItem.cpp" />
    <ClCompile Include="BossEnemy.cpp" />
    <ClCompile Include="GunAction_BossSpin.cpp" />
    <ClCompile Include="TitleLine.cpp" />
    <ClCompile Include="TitleObjectManager.cpp" />
    <ClCompile Include="TitleSceneManager.cpp" />
    <ClCompile Include="Hexagon.cpp" />
    <ClCompile Include="PreAction.cpp" />
    <ClCompile Include="Camera.cpp" />
    <ClCompile Include="LastAttackItem.cpp" />
    <ClCompile Include="TutorialEnemy.cpp" />
  </ItemGroup>
  <ItemGroup>
    <ClInclude Include="ChangeSceneArea.h" />
    <ClInclude Include="EquipGun.h" />
    <ClInclude Include="Gun.h" />
    <ClInclude Include="Bullet.h" />
    <ClInclude Include="InputManager.h" />
    <ClInclude Include="LesserEnemy.h" />
    <ClInclude Include="Player.h" />
    <ClInclude Include="SeparateDrawObject.h" />
    <ClInclude Include="stdafx_u.h" />
    <ClInclude Include="TestBehavior.h" />
    <ClInclude Include="WorldSpeedManager.h" />
    <ClInclude Include="BaseItem.h" />
    <ClInclude Include="GunAction_AssaultRifle.h" />
    <ClInclude Include="GunAction_GrenadeLauncher.h" />
    <ClInclude Include="LargeGunItem.h" />
    <ClInclude Include="BaseEnemy.h" />
    <ClInclude Include="Bullet_GrenadeLauncher.h" />
    <ClInclude Include="Explosion.h" />
    <ClInclude Include="DamageArea.h" />
    <ClInclude Include="ItemEmitParameter.h" />
    <ClInclude Include="GunAction_Shotgun.h" />
    <ClInclude Include="EnemySpawner.h" />
    <ClInclude Include="ShotGunItem.h" />
    <ClInclude Include="GrenadeLauncherItem.h" />
    <ClInclude Include="BossEnemy.h" />
    <ClInclude Include="GunAction_BossSpin.h" />
    <ClInclude Include="TitleLine.h" />
    <ClInclude Include="TitleObjectManager.h" />
    <ClInclude Include="TitleSceneManager.h" />
    <ClInclude Include="Hexagon.h" />
    <ClInclude Include="PreAction.h" />
    <ClInclude Include="Camera.h" />
    <ClInclude Include="LastAttackItem.h" />
    <ClInclude Include="TutorialEnemy.h" />
  </ItemGroup>
  <ItemGroup>
    <None Include="..\output\UserSample\Debug\Resources\Application\ButiEngine.ini" />
  </ItemGroup>
</Project>